
Microsoft Visual Studio Solution File, Format Version 12.00
Project("{FAE04EC0-301F-11D3-BF4B-00C04F79EFBC}") = "Prifiler.Api", "Prifiler.Api\Prifiler.Api.csproj", "{FEEC8181-3974-457F-B092-DB1CED138F04}"
EndProject
Project("{FAE04EC0-301F-11D3-BF4B-00C04F79EFBC}") = "Profiler.Test", "Profiler.Test\Profiler.Test.csproj", "{B823DE06-E49C-45DE-8BEB-C416C6B74659}"
EndProject
Project("{FAE04EC0-301F-11D3-BF4B-00C04F79EFBC}") = "Profiler.Domain", "Profiler.Domain\Profiler.Domain.csproj", "{75738BB3-1611-4121-AB77-95850767C7C2}"
EndProject
Project("{FAE04EC0-301F-11D3-BF4B-00C04F79EFBC}") = "Profiler.Infrastructure", "Profiler.Infrastructure\Profiler.Infrastructure.csproj", "{57C29D3C-7268-4A34-B00F-C313C1C5DE6C}"
EndProject
Global
	GlobalSection(SolutionConfigurationPlatforms) = preSolution
		Debug|Any CPU = Debug|Any CPU
		Release|Any CPU = Release|Any CPU
	EndGlobalSection
	GlobalSection(ProjectConfigurationPlatforms) = postSolution
		{FEEC8181-3974-457F-B092-DB1CED138F04}.Debug|Any CPU.ActiveCfg = Debug|Any CPU
		{FEEC8181-3974-457F-B092-DB1CED138F04}.Debug|Any CPU.Build.0 = Debug|Any CPU
		{FEEC8181-3974-457F-B092-DB1CED138F04}.Release|Any CPU.ActiveCfg = Release|Any CPU
		{FEEC8181-3974-457F-B092-DB1CED138F04}.Release|Any CPU.Build.0 = Release|Any CPU
		{B823DE06-E49C-45DE-8BEB-C416C6B74659}.Debug|Any CPU.ActiveCfg = Debug|Any CPU
		{B823DE06-E49C-45DE-8BEB-C416C6B74659}.Debug|Any CPU.Build.0 = Debug|Any CPU
		{B823DE06-E49C-45DE-8BEB-C416C6B74659}.Release|Any CPU.ActiveCfg = Release|Any CPU
		{B823DE06-E49C-45DE-8BEB-C416C6B74659}.Release|Any CPU.Build.0 = Release|Any CPU
		{75738BB3-1611-4121-AB77-95850767C7C2}.Debug|Any CPU.ActiveCfg = Debug|Any CPU
		{75738BB3-1611-4121-AB77-95850767C7C2}.Debug|Any CPU.Build.0 = Debug|Any CPU
		{75738BB3-1611-4121-AB77-95850767C7C2}.Release|Any CPU.ActiveCfg = Release|Any CPU
		{75738BB3-1611-4121-AB77-95850767C7C2}.Release|Any CPU.Build.0 = Release|Any CPU
		{57C29D3C-7268-4A34-B00F-C313C1C5DE6C}.Debug|Any CPU.ActiveCfg = Debug|Any CPU
		{57C29D3C-7268-4A34-B00F-C313C1C5DE6C}.Debug|Any CPU.Build.0 = Debug|Any CPU
		{57C29D3C-7268-4A34-B00F-C313C1C5DE6C}.Release|Any CPU.ActiveCfg = Release|Any CPU
		{57C29D3C-7268-4A34-B00F-C313C1C5DE6C}.Release|Any CPU.Build.0 = Release|Any CPU
	EndGlobalSection
EndGlobal
